
Microsoft Visual Studio Solution File, Format Version 12.00
# Visual Studio 15
VisualStudioVersion = 15.0.27130.2026
MinimumVisualStudioVersion = 10.0.40219.1
Project("{FAE04EC0-301F-11D3-BF4B-00C04F79EFBC}") = "Questinario.Desk", "Questinario.Desk\Questinario.Desk.csproj", "{1FC632F7-42DB-4CC5-9BA9-43E3D093C40D}"
EndProject
Global
	GlobalSection(SolutionConfigurationPlatforms) = preSolution
		Debug|Any CPU = Debug|Any CPU
		Release|Any CPU = Release|Any CPU
	EndGlobalSection
	GlobalSection(ProjectConfigurationPlatforms) = postSolution
		{1FC632F7-42DB-4CC5-9BA9-43E3D093C40D}.Debug|Any CPU.ActiveCfg = Debug|Any CPU
		{1FC632F7-42DB-4CC5-9BA9-43E3D093C40D}.Debug|Any CPU.Build.0 = Debug|Any CPU
		{1FC632F7-42DB-4CC5-9BA9-43E3D093C40D}.Release|Any CPU.ActiveCfg = Release|Any CPU
		{1FC632F7-42DB-4CC5-9BA9-43E3D093C40D}.Release|Any CPU.Build.0 = Release|Any CPU
	EndGlobalSection
	GlobalSection(SolutionProperties) = preSolution
		HideSolutionNode = FALSE
	EndGlobalSection
	GlobalSection(ExtensibilityGlobals) = postSolution
		SolutionGuid = {E4FE5A83-9038-4F69-B33B-13D3C41E107D}
	EndGlobalSection
EndGlobal
